
Microsoft Visual Studio Solution File, Format Version 12.00
# Visual Studio 15
VisualStudioVersion = 15.0.28010.2048
MinimumVisualStudioVersion = 10.0.40219.1
Project("{FAE04EC0-301F-11D3-BF4B-00C04F79EFBC}") = "ListExamples", "ListExamples\ListExamples.csproj", "{08175306-FCA7-41A7-AD6F-F2387F8D900A}"
EndProject
Global
	GlobalSection(SolutionConfigurationPlatforms) = preSolution
		Debug|Any CPU = Debug|Any CPU
		Release|Any CPU = Release|Any CPU
	EndGlobalSection
	GlobalSection(ProjectConfigurationPlatforms) = postSolution
		{08175306-FCA7-41A7-AD6F-F2387F8D900A}.Debug|Any CPU.ActiveCfg = Debug|Any CPU
		{08175306-FCA7-41A7-AD6F-F2387F8D900A}.Debug|Any CPU.Build.0 = Debug|Any CPU
		{08175306-FCA7-41A7-AD6F-F2387F8D900A}.Release|Any CPU.ActiveCfg = Release|Any CPU
		{08175306-FCA7-41A7-AD6F-F2387F8D900A}.Release|Any CPU.Build.0 = Release|Any CPU
	EndGlobalSection
	GlobalSection(SolutionProperties) = preSolution
		HideSolutionNode = FALSE
	EndGlobalSection
	GlobalSection(ExtensibilityGlobals) = postSolution
		SolutionGuid = {7C2182C4-052F-4356-8F25-A7CF8282BE1D}
	EndGlobalSection
EndGlobal
